
Microsoft Visual Studio Solution File, Format Version 12.00
# Visual Studio 15
VisualStudioVersion = 15.0.27428.2037
MinimumVisualStudioVersion = 10.0.40219.1
Project("{FAE04EC0-301F-11D3-BF4B-00C04F79EFBC}") = "CoTask", "CoTask\CoTask.csproj", "{241E6108-F485-4B43-A7F2-B24CB6E75BC0}"
EndProject
Global
	GlobalSection(SolutionConfigurationPlatforms) = preSolution
		Debug|Any CPU = Debug|Any CPU
		Release|Any CPU = Release|Any CPU
	EndGlobalSection
	GlobalSection(ProjectConfigurationPlatforms) = postSolution
		{241E6108-F485-4B43-A7F2-B24CB6E75BC0}.Debug|Any CPU.ActiveCfg = Debug|Any CPU
		{241E6108-F485-4B43-A7F2-B24CB6E75BC0}.Debug|Any CPU.Build.0 = Debug|Any CPU
		{241E6108-F485-4B43-A7F2-B24CB6E75BC0}.Release|Any CPU.ActiveCfg = Release|Any CPU
		{241E6108-F485-4B43-A7F2-B24CB6E75BC0}.Release|Any CPU.Build.0 = Release|Any CPU
	EndGlobalSection
	GlobalSection(SolutionProperties) = preSolution
		HideSolutionNode = FALSE
	EndGlobalSection
	GlobalSection(ExtensibilityGlobals) = postSolution
		SolutionGuid = {C3CD2CED-0E08-4186-AFA5-C2B14DECE80F}
	EndGlobalSection
EndGlobal
